
Microsoft Visual Studio Solution File, Format Version 12.00
# Visual Studio Version 16
VisualStudioVersion = 16.0.32802.440
MinimumVisualStudioVersion = 10.0.40219.1
Project("{9A19103F-16F7-4668-BE54-9A1E7A4F7556}") = "Parcial2Labo2", "Parcial2Labo2.csproj", "{0B887E02-02E2-445B-8188-19EF2181A699}"
EndProject
Project("{9A19103F-16F7-4668-BE54-9A1E7A4F7556}") = "ClaseParcial2", "..\ClaseParcial2\ClaseParcial2.csproj", "{AF367D1B-7CDF-403B-BF41-80FDBD690D6E}"
EndProject
Project("{FAE04EC0-301F-11D3-BF4B-00C04F79EFBC}") = "GeneralaTest", "..\GeneralaTest\GeneralaTest.csproj", "{2A1554A8-2FE8-44B5-B0FC-03E01D44BE46}"
EndProject
Global
	GlobalSection(SolutionConfigurationPlatforms) = preSolution
		Debug|Any CPU = Debug|Any CPU
		Release|Any CPU = Release|Any CPU
	EndGlobalSection
	GlobalSection(ProjectConfigurationPlatforms) = postSolution
		{0B887E02-02E2-445B-8188-19EF2181A699}.Debug|Any CPU.ActiveCfg = Debug|Any CPU
		{0B887E02-02E2-445B-8188-19EF2181A699}.Debug|Any CPU.Build.0 = Debug|Any CPU
		{0B887E02-02E2-445B-8188-19EF2181A699}.Release|Any CPU.ActiveCfg = Release|Any CPU
		{0B887E02-02E2-445B-8188-19EF2181A699}.Release|Any CPU.Build.0 = Release|Any CPU
		{AF367D1B-7CDF-403B-BF41-80FDBD690D6E}.Debug|Any CPU.ActiveCfg = Debug|Any CPU
		{AF367D1B-7CDF-403B-BF41-80FDBD690D6E}.Debug|Any CPU.Build.0 = Debug|Any CPU
		{AF367D1B-7CDF-403B-BF41-80FDBD690D6E}.Release|Any CPU.ActiveCfg = Release|Any CPU
		{AF367D1B-7CDF-403B-BF41-80FDBD690D6E}.Release|Any CPU.Build.0 = Release|Any CPU
		{2A1554A8-2FE8-44B5-B0FC-03E01D44BE46}.Debug|Any CPU.ActiveCfg = Debug|Any CPU
		{2A1554A8-2FE8-44B5-B0FC-03E01D44BE46}.Debug|Any CPU.Build.0 = Debug|Any CPU
		{2A1554A8-2FE8-44B5-B0FC-03E01D44BE46}.Release|Any CPU.ActiveCfg = Release|Any CPU
		{2A1554A8-2FE8-44B5-B0FC-03E01D44BE46}.Release|Any CPU.Build.0 = Release|Any CPU
	EndGlobalSection
	GlobalSection(SolutionProperties) = preSolution
		HideSolutionNode = FALSE
	EndGlobalSection
	GlobalSection(ExtensibilityGlobals) = postSolution
		SolutionGuid = {1A9CC609-397C-4ADA-9C92-9CC3E81F9FD0}
	EndGlobalSection
EndGlobal
